
Microsoft Visual Studio Solution File, Format Version 12.00
# Visual Studio 14
VisualStudioVersion = 14.0.23107.0
MinimumVisualStudioVersion = 10.0.40219.1
Project("{2150E333-8FDC-42A3-9474-1A3956D46DE8}") = "Framework", "Framework", "{03544892-161D-4E96-A72E-A878D05323E7}"
EndProject
Project("{2150E333-8FDC-42A3-9474-1A3956D46DE8}") = "Web", "Web", "{EBC84442-ED81-4557-AF76-84C3B263BA7F}"
EndProject
Project("{2150E333-8FDC-42A3-9474-1A3956D46DE8}") = "Server", "Server", "{D60A1E0D-90E8-4FEA-BCE5-975CEA546632}"
EndProject
Project("{2150E333-8FDC-42A3-9474-1A3956D46DE8}") = "Android", "Android", "{EEFEAA38-6D62-40F6-9FF8-9F160F257773}"
EndProject
Project("{2150E333-8FDC-42A3-9474-1A3956D46DE8}") = "iOS", "iOS", "{FACABA67-CBF4-42E0-A475-EF2AE5204AB2}"
EndProject
Project("{2150E333-8FDC-42A3-9474-1A3956D46DE8}") = "Windows", "Windows", "{846F0A2F-0C60-4D6B-8F66-0FC762D91138}"
EndProject
Project("{2150E333-8FDC-42A3-9474-1A3956D46DE8}") = "Docs", "Docs", "{437E1D70-F918-48C4-8D4A-31417168FB54}"
	ProjectSection(SolutionItems) = preProject
		README.md = README.md
	EndProjectSection
EndProject
Project("{FAE04EC0-301F-11D3-BF4B-00C04F79EFBC}") = "Com.Framework.Data", "Com.Framework.Data\Com.Framework.Data.csproj", "{592C95E7-49C6-4832-9358-AFAD0252CE36}"
EndProject
Project("{FAE04EC0-301F-11D3-BF4B-00C04F79EFBC}") = "Com.Framework.Common", "Com.Framework.Common\Com.Framework.Common.csproj", "{FBDB0D3B-509E-464E-A967-D9FCF7D4FFD2}"
EndProject
Project("{2150E333-8FDC-42A3-9474-1A3956D46DE8}") = "Content", "Content", "{A081499B-46B0-41AA-8C03-848ED85E8D03}"
	ProjectSection(SolutionItems) = preProject
		Content\Default.jpg = Content\Default.jpg
		Restaurant.Server\Icon.ico = Restaurant.Server\Icon.ico
	EndProjectSection
EndProject
Project("{FAE04EC0-301F-11D3-BF4B-00C04F79EFBC}") = "Com.Interface.ServiceHost", "Com.Interface.ServiceHost\Com.Interface.ServiceHost.csproj", "{77FA7323-2E9B-4E9E-BFC1-B62418734313}"
EndProject
Project("{FAE04EC0-301F-11D3-BF4B-00C04F79EFBC}") = "Com.Framework.Service", "Com.Framework.Service\Com.Framework.Service.csproj", "{1228218A-E632-4965-94DF-425C1757DEFC}"
EndProject
Project("{FAE04EC0-301F-11D3-BF4B-00C04F79EFBC}") = "Com.Framework.Network", "Com.Framework.Network\Com.Framework.Network.csproj", "{0574D09A-8AC9-47F1-9E3E-EC7462E137EE}"
EndProject
Project("{FAE04EC0-301F-11D3-BF4B-00C04F79EFBC}") = "Com.Framework.Modules", "Com.Framework.Modules\Com.Framework.Modules.csproj", "{6E7DFBE0-9A01-43EA-8F6F-7A35000E4729}"
EndProject
Project("{FAE04EC0-301F-11D3-BF4B-00C04F79EFBC}") = "Com.Framework.Listeners", "Com.Framework.Listeners\Com.Framework.Listeners.csproj", "{A99ADAD7-11AC-44FB-B221-1C64E72DC5D1}"
EndProject
Project("{FAE04EC0-301F-11D3-BF4B-00C04F79EFBC}") = "Com.Framework.DataAccess", "Com.Framework.DataAccess\Com.Framework.DataAccess.csproj", "{AA76AEED-E6CE-4AFC-BFFB-3D0855F11EE8}"
EndProject
Project("{FAE04EC0-301F-11D3-BF4B-00C04F79EFBC}") = "Com.Interface.Pos", "Com.Interface.Pos\Com.Interface.Pos.csproj", "{10ACA7B5-493C-404D-A996-8E6AB46F7ECB}"
EndProject
Project("{FAE04EC0-301F-11D3-BF4B-00C04F79EFBC}") = "ServiceHost", "ServiceHost\ServiceHost.csproj", "{50CBC3E4-B644-4E60-A9E0-28198E5C4004}"
EndProject
Project("{FAE04EC0-301F-11D3-BF4B-00C04F79EFBC}") = "Com.Framework.Hubs", "Com.Framework.Hub\Com.Framework.Hubs.csproj", "{ED88FF90-2859-49E3-BC13-E905F3390225}"
EndProject
Project("{FAE04EC0-301F-11D3-BF4B-00C04F79EFBC}") = "Com.Interface.Web", "Com.Interface.Web\Com.Interface.Web.csproj", "{4D6A1A22-0B60-439D-94AA-8BC365F374FC}"
EndProject
Global
	GlobalSection(SolutionConfigurationPlatforms) = preSolution
		Debug|Any CPU = Debug|Any CPU
		Release|Any CPU = Release|Any CPU
	EndGlobalSection
	GlobalSection(ProjectConfigurationPlatforms) = postSolution
		{592C95E7-49C6-4832-9358-AFAD0252CE36}.Debug|Any CPU.ActiveCfg = Debug|Any CPU
		{592C95E7-49C6-4832-9358-AFAD0252CE36}.Debug|Any CPU.Build.0 = Debug|Any CPU
		{592C95E7-49C6-4832-9358-AFAD0252CE36}.Release|Any CPU.ActiveCfg = Release|Any CPU
		{592C95E7-49C6-4832-9358-AFAD0252CE36}.Release|Any CPU.Build.0 = Release|Any CPU
		{FBDB0D3B-509E-464E-A967-D9FCF7D4FFD2}.Debug|Any CPU.ActiveCfg = Debug|Any CPU
		{FBDB0D3B-509E-464E-A967-D9FCF7D4FFD2}.Debug|Any CPU.Build.0 = Debug|Any CPU
		{FBDB0D3B-509E-464E-A967-D9FCF7D4FFD2}.Release|Any CPU.ActiveCfg = Release|Any CPU
		{FBDB0D3B-509E-464E-A967-D9FCF7D4FFD2}.Release|Any CPU.Build.0 = Release|Any CPU
		{77FA7323-2E9B-4E9E-BFC1-B62418734313}.Debug|Any CPU.ActiveCfg = Debug|Any CPU
		{77FA7323-2E9B-4E9E-BFC1-B62418734313}.Debug|Any CPU.Build.0 = Debug|Any CPU
		{77FA7323-2E9B-4E9E-BFC1-B62418734313}.Release|Any CPU.ActiveCfg = Release|Any CPU
		{77FA7323-2E9B-4E9E-BFC1-B62418734313}.Release|Any CPU.Build.0 = Release|Any CPU
		{1228218A-E632-4965-94DF-425C1757DEFC}.Debug|Any CPU.ActiveCfg = Debug|Any CPU
		{1228218A-E632-4965-94DF-425C1757DEFC}.Debug|Any CPU.Build.0 = Debug|Any CPU
		{1228218A-E632-4965-94DF-425C1757DEFC}.Release|Any CPU.ActiveCfg = Release|Any CPU
		{1228218A-E632-4965-94DF-425C1757DEFC}.Release|Any CPU.Build.0 = Release|Any CPU
		{0574D09A-8AC9-47F1-9E3E-EC7462E137EE}.Debug|Any CPU.ActiveCfg = Debug|Any CPU
		{0574D09A-8AC9-47F1-9E3E-EC7462E137EE}.Debug|Any CPU.Build.0 = Debug|Any CPU
		{0574D09A-8AC9-47F1-9E3E-EC7462E137EE}.Release|Any CPU.ActiveCfg = Release|Any CPU
		{0574D09A-8AC9-47F1-9E3E-EC7462E137EE}.Release|Any CPU.Build.0 = Release|Any CPU
		{6E7DFBE0-9A01-43EA-8F6F-7A35000E4729}.Debug|Any CPU.ActiveCfg = Debug|Any CPU
		{6E7DFBE0-9A01-43EA-8F6F-7A35000E4729}.Debug|Any CPU.Build.0 = Debug|Any CPU
		{6E7DFBE0-9A01-43EA-8F6F-7A35000E4729}.Release|Any CPU.ActiveCfg = Release|Any CPU
		{6E7DFBE0-9A01-43EA-8F6F-7A35000E4729}.Release|Any CPU.Build.0 = Release|Any CPU
		{A99ADAD7-11AC-44FB-B221-1C64E72DC5D1}.Debug|Any CPU.ActiveCfg = Debug|Any CPU
		{A99ADAD7-11AC-44FB-B221-1C64E72DC5D1}.Debug|Any CPU.Build.0 = Debug|Any CPU
		{A99ADAD7-11AC-44FB-B221-1C64E72DC5D1}.Release|Any CPU.ActiveCfg = Release|Any CPU
		{A99ADAD7-11AC-44FB-B221-1C64E72DC5D1}.Release|Any CPU.Build.0 = Release|Any CPU
		{AA76AEED-E6CE-4AFC-BFFB-3D0855F11EE8}.Debug|Any CPU.ActiveCfg = Debug|Any CPU
		{AA76AEED-E6CE-4AFC-BFFB-3D0855F11EE8}.Debug|Any CPU.Build.0 = Debug|Any CPU
		{AA76AEED-E6CE-4AFC-BFFB-3D0855F11EE8}.Release|Any CPU.ActiveCfg = Release|Any CPU
		{AA76AEED-E6CE-4AFC-BFFB-3D0855F11EE8}.Release|Any CPU.Build.0 = Release|Any CPU
		{10ACA7B5-493C-404D-A996-8E6AB46F7ECB}.Debug|Any CPU.ActiveCfg = Debug|Any CPU
		{10ACA7B5-493C-404D-A996-8E6AB46F7ECB}.Debug|Any CPU.Build.0 = Debug|Any CPU
		{10ACA7B5-493C-404D-A996-8E6AB46F7ECB}.Release|Any CPU.ActiveCfg = Release|Any CPU
		{10ACA7B5-493C-404D-A996-8E6AB46F7ECB}.Release|Any CPU.Build.0 = Release|Any CPU
		{50CBC3E4-B644-4E60-A9E0-28198E5C4004}.Debug|Any CPU.ActiveCfg = Debug|Any CPU
		{50CBC3E4-B644-4E60-A9E0-28198E5C4004}.Debug|Any CPU.Build.0 = Debug|Any CPU
		{50CBC3E4-B644-4E60-A9E0-28198E5C4004}.Release|Any CPU.ActiveCfg = Release|Any CPU
		{50CBC3E4-B644-4E60-A9E0-28198E5C4004}.Release|Any CPU.Build.0 = Release|Any CPU
		{ED88FF90-2859-49E3-BC13-E905F3390225}.Debug|Any CPU.ActiveCfg = Debug|Any CPU
		{ED88FF90-2859-49E3-BC13-E905F3390225}.Debug|Any CPU.Build.0 = Debug|Any CPU
		{ED88FF90-2859-49E3-BC13-E905F3390225}.Release|Any CPU.ActiveCfg = Release|Any CPU
		{ED88FF90-2859-49E3-BC13-E905F3390225}.Release|Any CPU.Build.0 = Release|Any CPU
		{4D6A1A22-0B60-439D-94AA-8BC365F374FC}.Debug|Any CPU.ActiveCfg = Debug|Any CPU
		{4D6A1A22-0B60-439D-94AA-8BC365F374FC}.Debug|Any CPU.Build.0 = Debug|Any CPU
		{4D6A1A22-0B60-439D-94AA-8BC365F374FC}.Release|Any CPU.ActiveCfg = Release|Any CPU
		{4D6A1A22-0B60-439D-94AA-8BC365F374FC}.Release|Any CPU.Build.0 = Release|Any CPU
	EndGlobalSection
	GlobalSection(SolutionProperties) = preSolution
		HideSolutionNode = FALSE
	EndGlobalSection
	GlobalSection(NestedProjects) = preSolution
		{592C95E7-49C6-4832-9358-AFAD0252CE36} = {03544892-161D-4E96-A72E-A878D05323E7}
		{FBDB0D3B-509E-464E-A967-D9FCF7D4FFD2} = {03544892-161D-4E96-A72E-A878D05323E7}
		{77FA7323-2E9B-4E9E-BFC1-B62418734313} = {D60A1E0D-90E8-4FEA-BCE5-975CEA546632}
		{1228218A-E632-4965-94DF-425C1757DEFC} = {03544892-161D-4E96-A72E-A878D05323E7}
		{0574D09A-8AC9-47F1-9E3E-EC7462E137EE} = {03544892-161D-4E96-A72E-A878D05323E7}
		{6E7DFBE0-9A01-43EA-8F6F-7A35000E4729} = {03544892-161D-4E96-A72E-A878D05323E7}
		{A99ADAD7-11AC-44FB-B221-1C64E72DC5D1} = {03544892-161D-4E96-A72E-A878D05323E7}
		{AA76AEED-E6CE-4AFC-BFFB-3D0855F11EE8} = {03544892-161D-4E96-A72E-A878D05323E7}
		{10ACA7B5-493C-404D-A996-8E6AB46F7ECB} = {846F0A2F-0C60-4D6B-8F66-0FC762D91138}
		{50CBC3E4-B644-4E60-A9E0-28198E5C4004} = {D60A1E0D-90E8-4FEA-BCE5-975CEA546632}
		{ED88FF90-2859-49E3-BC13-E905F3390225} = {03544892-161D-4E96-A72E-A878D05323E7}
		{4D6A1A22-0B60-439D-94AA-8BC365F374FC} = {EBC84442-ED81-4557-AF76-84C3B263BA7F}
	EndGlobalSection
EndGlobal
