
Microsoft Visual Studio Solution File, Format Version 12.00
# Visual Studio 2013
VisualStudioVersion = 12.0.31101.0
MinimumVisualStudioVersion = 10.0.40219.1
Project("{FAE04EC0-301F-11D3-BF4B-00C04F79EFBC}") = "Restaurant.Network", "Restaurant.Network\Restaurant.Network.csproj", "{0574D09A-8AC9-47F1-9E3E-EC7462E137EE}"
EndProject
Project("{FAE04EC0-301F-11D3-BF4B-00C04F79EFBC}") = "Restaurant.DataAccess", "Restaurant.DataAccess\Restaurant.DataAccess.csproj", "{AA76AEED-E6CE-4AFC-BFFB-3D0855F11EE8}"
EndProject
Project("{FAE04EC0-301F-11D3-BF4B-00C04F79EFBC}") = "Restaurant.Listeners", "Restaurant.Listeners\Restaurant.Listeners.csproj", "{A99ADAD7-11AC-44FB-B221-1C64E72DC5D1}"
EndProject
Project("{FAE04EC0-301F-11D3-BF4B-00C04F79EFBC}") = "Restaurant.Server", "Restaurant.Server\Restaurant.Server.csproj", "{A83DD586-FE6E-412D-AF9A-E2A1668508E9}"
EndProject
Project("{FAE04EC0-301F-11D3-BF4B-00C04F79EFBC}") = "Restaurant.Common", "Restaurant.Common\Restaurant.Common.csproj", "{6068E093-DE21-42AD-8E87-26BF4761C202}"
EndProject
Project("{2150E333-8FDC-42A3-9474-1A3956D46DE8}") = "Framework", "Framework", "{03544892-161D-4E96-A72E-A878D05323E7}"
EndProject
Project("{2150E333-8FDC-42A3-9474-1A3956D46DE8}") = "Tests", "Tests", "{98F98250-AED1-4D69-9C40-19BC6E7E380C}"
EndProject
Project("{2150E333-8FDC-42A3-9474-1A3956D46DE8}") = "Web", "Web", "{EBC84442-ED81-4557-AF76-84C3B263BA7F}"
EndProject
Project("{FAE04EC0-301F-11D3-BF4B-00C04F79EFBC}") = "Restaurant.Common.Tests", "Restaurant.Common.Tests\Restaurant.Common.Tests.csproj", "{78572005-0853-4DC9-B797-F2B82F777A3F}"
EndProject
Project("{FAE04EC0-301F-11D3-BF4B-00C04F79EFBC}") = "Restaurant.DataAccess.Tests", "Restaurant.DataAccess.Tests\Restaurant.DataAccess.Tests.csproj", "{39E950AA-81AF-4C17-9104-F4F30E56778F}"
EndProject
Project("{FAE04EC0-301F-11D3-BF4B-00C04F79EFBC}") = "Restaurant.Service", "Restaurant.Service\Restaurant.Service.csproj", "{7A6DC237-DA48-43D1-A3E5-D40D03ABEBD1}"
EndProject
Project("{2150E333-8FDC-42A3-9474-1A3956D46DE8}") = "Server", "Server", "{D60A1E0D-90E8-4FEA-BCE5-975CEA546632}"
EndProject
Project("{FAE04EC0-301F-11D3-BF4B-00C04F79EFBC}") = "Restaurant.Web", "Restaurant.Web\Restaurant.Web.csproj", "{E37D4921-8596-4D88-8A7D-61865C35E051}"
EndProject
Project("{FAE04EC0-301F-11D3-BF4B-00C04F79EFBC}") = "Restaurant.Web.Tests", "Restaurant.Web.Tests\Restaurant.Web.Tests.csproj", "{B646689F-6201-416B-9739-E26652955E29}"
EndProject
Project("{E24C65DC-7377-472B-9ABA-BC803B73C61A}") = "Restaurant.ServiceHost", "http://localhost:53490", "{73B3CDF8-C9A1-4D34-A4FC-24CF82B21562}"
	ProjectSection(WebsiteProperties) = preProject
		UseIISExpress = "true"
		TargetFrameworkMoniker = ".NETFramework,Version%3Dv4.5"
		Debug.AspNetCompiler.VirtualPath = "/localhost_53490"
		Debug.AspNetCompiler.PhysicalPath = "Restaurant.ServiceHost\"
		Debug.AspNetCompiler.TargetPath = "PrecompiledWeb\localhost_53490\"
		Debug.AspNetCompiler.Updateable = "true"
		Debug.AspNetCompiler.ForceOverwrite = "true"
		Debug.AspNetCompiler.FixedNames = "false"
		Debug.AspNetCompiler.Debug = "True"
		Release.AspNetCompiler.VirtualPath = "/localhost_53490"
		Release.AspNetCompiler.PhysicalPath = "Restaurant.ServiceHost\"
		Release.AspNetCompiler.TargetPath = "PrecompiledWeb\localhost_53490\"
		Release.AspNetCompiler.Updateable = "true"
		Release.AspNetCompiler.ForceOverwrite = "true"
		Release.AspNetCompiler.FixedNames = "false"
		Release.AspNetCompiler.Debug = "False"
		SlnRelativePath = "Restaurant.ServiceHost\"
		DefaultWebSiteLanguage = "Visual C#"
	EndProjectSection
EndProject
Project("{FAE04EC0-301F-11D3-BF4B-00C04F79EFBC}") = "Restaurant.Data", "Restaurant.Data\Restaurant.Data.csproj", "{2B090585-B19D-4DC4-B55C-C5344EB4DD63}"
EndProject
Project("{FAE04EC0-301F-11D3-BF4B-00C04F79EFBC}") = "Restaurant.DataModels.Tests", "Restaurant.Data.Tests\Restaurant.DataModels.Tests.csproj", "{1BAF7C2B-FEFC-4D0D-A9DE-E62FCA40C54D}"
EndProject
Project("{2150E333-8FDC-42A3-9474-1A3956D46DE8}") = "Android", "Android", "{EEFEAA38-6D62-40F6-9FF8-9F160F257773}"
EndProject
Project("{2150E333-8FDC-42A3-9474-1A3956D46DE8}") = "iOS", "iOS", "{FACABA67-CBF4-42E0-A475-EF2AE5204AB2}"
EndProject
Project("{2150E333-8FDC-42A3-9474-1A3956D46DE8}") = "Windows", "Windows", "{846F0A2F-0C60-4D6B-8F66-0FC762D91138}"
EndProject
Project("{2150E333-8FDC-42A3-9474-1A3956D46DE8}") = "Docs", "Docs", "{437E1D70-F918-48C4-8D4A-31417168FB54}"
	ProjectSection(SolutionItems) = preProject
		README.md = README.md
	EndProjectSection
EndProject
Global
	GlobalSection(SolutionConfigurationPlatforms) = preSolution
		Debug|Any CPU = Debug|Any CPU
		Release|Any CPU = Release|Any CPU
	EndGlobalSection
	GlobalSection(ProjectConfigurationPlatforms) = postSolution
		{0574D09A-8AC9-47F1-9E3E-EC7462E137EE}.Debug|Any CPU.ActiveCfg = Debug|Any CPU
		{0574D09A-8AC9-47F1-9E3E-EC7462E137EE}.Debug|Any CPU.Build.0 = Debug|Any CPU
		{0574D09A-8AC9-47F1-9E3E-EC7462E137EE}.Release|Any CPU.ActiveCfg = Release|Any CPU
		{0574D09A-8AC9-47F1-9E3E-EC7462E137EE}.Release|Any CPU.Build.0 = Release|Any CPU
		{AA76AEED-E6CE-4AFC-BFFB-3D0855F11EE8}.Debug|Any CPU.ActiveCfg = Debug|Any CPU
		{AA76AEED-E6CE-4AFC-BFFB-3D0855F11EE8}.Debug|Any CPU.Build.0 = Debug|Any CPU
		{AA76AEED-E6CE-4AFC-BFFB-3D0855F11EE8}.Release|Any CPU.ActiveCfg = Release|Any CPU
		{AA76AEED-E6CE-4AFC-BFFB-3D0855F11EE8}.Release|Any CPU.Build.0 = Release|Any CPU
		{A99ADAD7-11AC-44FB-B221-1C64E72DC5D1}.Debug|Any CPU.ActiveCfg = Debug|Any CPU
		{A99ADAD7-11AC-44FB-B221-1C64E72DC5D1}.Debug|Any CPU.Build.0 = Debug|Any CPU
		{A99ADAD7-11AC-44FB-B221-1C64E72DC5D1}.Release|Any CPU.ActiveCfg = Release|Any CPU
		{A99ADAD7-11AC-44FB-B221-1C64E72DC5D1}.Release|Any CPU.Build.0 = Release|Any CPU
		{A83DD586-FE6E-412D-AF9A-E2A1668508E9}.Debug|Any CPU.ActiveCfg = Debug|Any CPU
		{A83DD586-FE6E-412D-AF9A-E2A1668508E9}.Debug|Any CPU.Build.0 = Debug|Any CPU
		{A83DD586-FE6E-412D-AF9A-E2A1668508E9}.Release|Any CPU.ActiveCfg = Release|Any CPU
		{A83DD586-FE6E-412D-AF9A-E2A1668508E9}.Release|Any CPU.Build.0 = Release|Any CPU
		{6068E093-DE21-42AD-8E87-26BF4761C202}.Debug|Any CPU.ActiveCfg = Debug|Any CPU
		{6068E093-DE21-42AD-8E87-26BF4761C202}.Debug|Any CPU.Build.0 = Debug|Any CPU
		{6068E093-DE21-42AD-8E87-26BF4761C202}.Release|Any CPU.ActiveCfg = Release|Any CPU
		{6068E093-DE21-42AD-8E87-26BF4761C202}.Release|Any CPU.Build.0 = Release|Any CPU
		{78572005-0853-4DC9-B797-F2B82F777A3F}.Debug|Any CPU.ActiveCfg = Debug|Any CPU
		{78572005-0853-4DC9-B797-F2B82F777A3F}.Debug|Any CPU.Build.0 = Debug|Any CPU
		{78572005-0853-4DC9-B797-F2B82F777A3F}.Release|Any CPU.ActiveCfg = Release|Any CPU
		{78572005-0853-4DC9-B797-F2B82F777A3F}.Release|Any CPU.Build.0 = Release|Any CPU
		{39E950AA-81AF-4C17-9104-F4F30E56778F}.Debug|Any CPU.ActiveCfg = Debug|Any CPU
		{39E950AA-81AF-4C17-9104-F4F30E56778F}.Debug|Any CPU.Build.0 = Debug|Any CPU
		{39E950AA-81AF-4C17-9104-F4F30E56778F}.Release|Any CPU.ActiveCfg = Release|Any CPU
		{39E950AA-81AF-4C17-9104-F4F30E56778F}.Release|Any CPU.Build.0 = Release|Any CPU
		{7A6DC237-DA48-43D1-A3E5-D40D03ABEBD1}.Debug|Any CPU.ActiveCfg = Debug|Any CPU
		{7A6DC237-DA48-43D1-A3E5-D40D03ABEBD1}.Debug|Any CPU.Build.0 = Debug|Any CPU
		{7A6DC237-DA48-43D1-A3E5-D40D03ABEBD1}.Release|Any CPU.ActiveCfg = Release|Any CPU
		{7A6DC237-DA48-43D1-A3E5-D40D03ABEBD1}.Release|Any CPU.Build.0 = Release|Any CPU
		{E37D4921-8596-4D88-8A7D-61865C35E051}.Debug|Any CPU.ActiveCfg = Debug|Any CPU
		{E37D4921-8596-4D88-8A7D-61865C35E051}.Debug|Any CPU.Build.0 = Debug|Any CPU
		{E37D4921-8596-4D88-8A7D-61865C35E051}.Release|Any CPU.ActiveCfg = Release|Any CPU
		{E37D4921-8596-4D88-8A7D-61865C35E051}.Release|Any CPU.Build.0 = Release|Any CPU
		{B646689F-6201-416B-9739-E26652955E29}.Debug|Any CPU.ActiveCfg = Debug|Any CPU
		{B646689F-6201-416B-9739-E26652955E29}.Debug|Any CPU.Build.0 = Debug|Any CPU
		{B646689F-6201-416B-9739-E26652955E29}.Release|Any CPU.ActiveCfg = Release|Any CPU
		{B646689F-6201-416B-9739-E26652955E29}.Release|Any CPU.Build.0 = Release|Any CPU
		{73B3CDF8-C9A1-4D34-A4FC-24CF82B21562}.Debug|Any CPU.ActiveCfg = Debug|Any CPU
		{73B3CDF8-C9A1-4D34-A4FC-24CF82B21562}.Debug|Any CPU.Build.0 = Debug|Any CPU
		{73B3CDF8-C9A1-4D34-A4FC-24CF82B21562}.Release|Any CPU.ActiveCfg = Debug|Any CPU
		{73B3CDF8-C9A1-4D34-A4FC-24CF82B21562}.Release|Any CPU.Build.0 = Debug|Any CPU
		{2B090585-B19D-4DC4-B55C-C5344EB4DD63}.Debug|Any CPU.ActiveCfg = Debug|Any CPU
		{2B090585-B19D-4DC4-B55C-C5344EB4DD63}.Debug|Any CPU.Build.0 = Debug|Any CPU
		{2B090585-B19D-4DC4-B55C-C5344EB4DD63}.Release|Any CPU.ActiveCfg = Release|Any CPU
		{2B090585-B19D-4DC4-B55C-C5344EB4DD63}.Release|Any CPU.Build.0 = Release|Any CPU
		{1BAF7C2B-FEFC-4D0D-A9DE-E62FCA40C54D}.Debug|Any CPU.ActiveCfg = Debug|Any CPU
		{1BAF7C2B-FEFC-4D0D-A9DE-E62FCA40C54D}.Debug|Any CPU.Build.0 = Debug|Any CPU
		{1BAF7C2B-FEFC-4D0D-A9DE-E62FCA40C54D}.Release|Any CPU.ActiveCfg = Release|Any CPU
		{1BAF7C2B-FEFC-4D0D-A9DE-E62FCA40C54D}.Release|Any CPU.Build.0 = Release|Any CPU
	EndGlobalSection
	GlobalSection(SolutionProperties) = preSolution
		HideSolutionNode = FALSE
	EndGlobalSection
	GlobalSection(NestedProjects) = preSolution
		{0574D09A-8AC9-47F1-9E3E-EC7462E137EE} = {03544892-161D-4E96-A72E-A878D05323E7}
		{AA76AEED-E6CE-4AFC-BFFB-3D0855F11EE8} = {03544892-161D-4E96-A72E-A878D05323E7}
		{A99ADAD7-11AC-44FB-B221-1C64E72DC5D1} = {D60A1E0D-90E8-4FEA-BCE5-975CEA546632}
		{A83DD586-FE6E-412D-AF9A-E2A1668508E9} = {D60A1E0D-90E8-4FEA-BCE5-975CEA546632}
		{6068E093-DE21-42AD-8E87-26BF4761C202} = {03544892-161D-4E96-A72E-A878D05323E7}
		{78572005-0853-4DC9-B797-F2B82F777A3F} = {98F98250-AED1-4D69-9C40-19BC6E7E380C}
		{39E950AA-81AF-4C17-9104-F4F30E56778F} = {98F98250-AED1-4D69-9C40-19BC6E7E380C}
		{7A6DC237-DA48-43D1-A3E5-D40D03ABEBD1} = {03544892-161D-4E96-A72E-A878D05323E7}
		{E37D4921-8596-4D88-8A7D-61865C35E051} = {EBC84442-ED81-4557-AF76-84C3B263BA7F}
		{B646689F-6201-416B-9739-E26652955E29} = {98F98250-AED1-4D69-9C40-19BC6E7E380C}
		{73B3CDF8-C9A1-4D34-A4FC-24CF82B21562} = {EBC84442-ED81-4557-AF76-84C3B263BA7F}
		{2B090585-B19D-4DC4-B55C-C5344EB4DD63} = {03544892-161D-4E96-A72E-A878D05323E7}
		{1BAF7C2B-FEFC-4D0D-A9DE-E62FCA40C54D} = {98F98250-AED1-4D69-9C40-19BC6E7E380C}
	EndGlobalSection
EndGlobal
